// !$*UTF8*$!
{
	archiveVersion = 1;
	classes = {
	};
	objectVersion = 50;
	objects = {

/* Begin PBXBuildFile section */
		54691FEB23E5C7B700650631 /* AppDelegate.swift in Sources */ = {isa = PBXBuildFile; fileRef = 54691FEA23E5C7B700650631 /* AppDelegate.swift */; };
		54691FED23E5C7B700650631 /* ViewController.swift in Sources */ = {isa = PBXBuildFile; fileRef = 54691FEC23E5C7B700650631 /* ViewController.swift */; };
		54691FF023E5C7B700650631 /* Main.storyboard in Resources */ = {isa = PBXBuildFile; fileRef = 54691FEE23E5C7B700650631 /* Main.storyboard */; };
		54691FF323E5C7B700650631 /* Currency_Rate.xcdatamodeld in Sources */ = {isa = PBXBuildFile; fileRef = 54691FF123E5C7B700650631 /* Currency_Rate.xcdatamodeld */; };
		54691FF523E5C7B900650631 /* Assets.xcassets in Resources */ = {isa = PBXBuildFile; fileRef = 54691FF423E5C7B900650631 /* Assets.xcassets */; };
		54691FF823E5C7B900650631 /* LaunchScreen.storyboard in Resources */ = {isa = PBXBuildFile; fileRef = 54691FF623E5C7B900650631 /* LaunchScreen.storyboard */; };
		5469200323E5C7B900650631 /* Currency_RateTests.swift in Sources */ = {isa = PBXBuildFile; fileRef = 5469200223E5C7B900650631 /* Currency_RateTests.swift */; };
		5469200E23E5C7B900650631 /* Currency_RateUITests.swift in Sources */ = {isa = PBXBuildFile; fileRef = 5469200D23E5C7B900650631 /* Currency_RateUITests.swift */; };
		5FD1710C6C5AC9A13D790F3A /* Pods_Currency_RateTests.framework in Frameworks */ = {isa = PBXBuildFile; fileRef = F9544DCFEA51C37974370E28 /* Pods_Currency_RateTests.framework */; };
		6651C2D0E145D9CB45B8BAE6 /* Pods_Currency_Rate.framework in Frameworks */ = {isa = PBXBuildFile; fileRef = 4909BF1023E9A62E2B9DDA55 /* Pods_Currency_Rate.framework */; };
		ACCDA23D68D05EA70FB6D6C2 /* Pods_Currency_Rate_Currency_RateUITests.framework in Frameworks */ = {isa = PBXBuildFile; fileRef = 6947C8BD1E2DB9607C1B05C4 /* Pods_Currency_Rate_Currency_RateUITests.framework */; };
/* End PBXBuildFile section */

/* Begin PBXContainerItemProxy section */
		54691FFF23E5C7B900650631 /* PBXContainerItemProxy */ = {
			isa = PBXContainerItemProxy;
			containerPortal = 54691FDF23E5C7B700650631 /* Project object */;
			proxyType = 1;
			remoteGlobalIDString = 54691FE623E5C7B700650631;
			remoteInfo = "Currency Rate";
		};
		5469200A23E5C7B900650631 /* PBXContainerItemProxy */ = {
			isa = PBXContainerItemProxy;
			containerPortal = 54691FDF23E5C7B700650631 /* Project object */;
			proxyType = 1;
			remoteGlobalIDString = 54691FE623E5C7B700650631;
			remoteInfo = "Currency Rate";
		};
/* End PBXContainerItemProxy section */

/* Begin PBXFileReference section */
		19F44D6997674E7421B46660 /* Pods-Currency Rate-Currency RateUITests.release.xcconfig */ = {isa = PBXFileReference; includeInIndex = 1; lastKnownFileType = text.xcconfig; name = "Pods-Currency Rate-Currency RateUITests.release.xcconfig"; path = "Target Support Files/Pods-Currency Rate-Currency RateUITests/Pods-Currency Rate-Currency RateUITests.release.xcconfig"; sourceTree = "<group>"; };
		1DEC5BC129A07B1CD7D3FA8E /* Pods-Currency RateTests.release.xcconfig */ = {isa = PBXFileReference; includeInIndex = 1; lastKnownFileType = text.xcconfig; name = "Pods-Currency RateTests.release.xcconfig"; path = "Target Support Files/Pods-Currency RateTests/Pods-Currency RateTests.release.xcconfig"; sourceTree = "<group>"; };
		1F74E8561A7AF09CA14AFC55 /* Pods-Currency RateTests.debug.xcconfig */ = {isa = PBXFileReference; includeInIndex = 1; lastKnownFileType = text.xcconfig; name = "Pods-Currency RateTests.debug.xcconfig"; path = "Target Support Files/Pods-Currency RateTests/Pods-Currency RateTests.debug.xcconfig"; sourceTree = "<group>"; };
		32DA123A000C932F4943AF8A /* Pods-Currency Rate-Currency RateUITests.debug.xcconfig */ = {isa = PBXFileReference; includeInIndex = 1; lastKnownFileType = text.xcconfig; name = "Pods-Currency Rate-Currency RateUITests.debug.xcconfig"; path = "Target Support Files/Pods-Currency Rate-Currency RateUITests/Pods-Currency Rate-Currency RateUITests.debug.xcconfig"; sourceTree = "<group>"; };
		4909BF1023E9A62E2B9DDA55 /* Pods_Currency_Rate.framework */ = {isa = PBXFileReference; explicitFileType = wrapper.framework; includeInIndex = 0; path = Pods_Currency_Rate.framework; sourceTree = BUILT_PRODUCTS_DIR; };
		54691FE723E5C7B700650631 /* Currency Rate.app */ = {isa = PBXFileReference; explicitFileType = wrapper.application; includeInIndex = 0; path = "Currency Rate.app"; sourceTree = BUILT_PRODUCTS_DIR; };
		54691FEA23E5C7B700650631 /* AppDelegate.swift */ = {isa = PBXFileReference; lastKnownFileType = sourcecode.swift; path = AppDelegate.swift; sourceTree = "<group>"; };
		54691FEC23E5C7B700650631 /* ViewController.swift */ = {isa = PBXFileReference; lastKnownFileType = sourcecode.swift; path = ViewController.swift; sourceTree = "<group>"; };
		54691FEF23E5C7B700650631 /* Base */ = {isa = PBXFileReference; lastKnownFileType = file.storyboard; name = Base; path = Base.lproj/Main.storyboard; sourceTree = "<group>"; };
		54691FF223E5C7B700650631 /* Currency_Rate.xcdatamodel */ = {isa = PBXFileReference; lastKnownFileType = wrapper.xcdatamodel; path = Currency_Rate.xcdatamodel; sourceTree = "<group>"; };
		54691FF423E5C7B900650631 /* Assets.xcassets */ = {isa = PBXFileReference; lastKnownFileType = folder.assetcatalog; path = Assets.xcassets; sourceTree = "<group>"; };
		54691FF723E5C7B900650631 /* Base */ = {isa = PBXFileReference; lastKnownFileType = file.storyboard; name = Base; path = Base.lproj/LaunchScreen.storyboard; sourceTree = "<group>"; };
		54691FF923E5C7B900650631 /* Info.plist */ = {isa = PBXFileReference; lastKnownFileType = text.plist.xml; path = Info.plist; sourceTree = "<group>"; };
		54691FFE23E5C7B900650631 /* Currency RateTests.xctest */ = {isa = PBXFileReference; explicitFileType = wrapper.cfbundle; includeInIndex = 0; path = "Currency RateTests.xctest"; sourceTree = BUILT_PRODUCTS_DIR; };
		5469200223E5C7B900650631 /* Currency_RateTests.swift */ = {isa = PBXFileReference; lastKnownFileType = sourcecode.swift; path = Currency_RateTests.swift; sourceTree = "<group>"; };
		5469200423E5C7B900650631 /* Info.plist */ = {isa = PBXFileReference; lastKnownFileType = text.plist.xml; path = Info.plist; sourceTree = "<group>"; };
		5469200923E5C7B900650631 /* Currency RateUITests.xctest */ = {isa = PBXFileReference; explicitFileType = wrapper.cfbundle; includeInIndex = 0; path = "Currency RateUITests.xctest"; sourceTree = BUILT_PRODUCTS_DIR; };
		5469200D23E5C7B900650631 /* Currency_RateUITests.swift */ = {isa = PBXFileReference; lastKnownFileType = sourcecode.swift; path = Currency_RateUITests.swift; sourceTree = "<group>"; };
		5469200F23E5C7B900650631 /* Info.plist */ = {isa = PBXFileReference; lastKnownFileType = text.plist.xml; path = Info.plist; sourceTree = "<group>"; };
		6947C8BD1E2DB9607C1B05C4 /* Pods_Currency_Rate_Currency_RateUITests.framework */ = {isa = PBXFileReference; explicitFileType = wrapper.framework; includeInIndex = 0; path = Pods_Currency_Rate_Currency_RateUITests.framework; sourceTree = BUILT_PRODUCTS_DIR; };
		88062645CA30229629C05862 /* Pods-Currency Rate.debug.xcconfig */ = {isa = PBXFileReference; includeInIndex = 1; lastKnownFileType = text.xcconfig; name = "Pods-Currency Rate.debug.xcconfig"; path = "Target Support Files/Pods-Currency Rate/Pods-Currency Rate.debug.xcconfig"; sourceTree = "<group>"; };
		D7809A13914EBF81E3D86F4F /* Pods-Currency Rate.release.xcconfig */ = {isa = PBXFileReference; includeInIndex = 1; lastKnownFileType = text.xcconfig; name = "Pods-Currency Rate.release.xcconfig"; path = "Target Support Files/Pods-Currency Rate/Pods-Currency Rate.release.xcconfig"; sourceTree = "<group>"; };
		F9544DCFEA51C37974370E28 /* Pods_Currency_RateTests.framework */ = {isa = PBXFileReference; explicitFileType = wrapper.framework; includeInIndex = 0; path = Pods_Currency_RateTests.framework; sourceTree = BUILT_PRODUCTS_DIR; };
/* End PBXFileReference section */

/* Begin PBXFrameworksBuildPhase section */
		54691FE423E5C7B700650631 /* Frameworks */ = {
			isa = PBXFrameworksBuildPhase;
			buildActionMask = 2147483647;
			files = (
				6651C2D0E145D9CB45B8BAE6 /* Pods_Currency_Rate.framework in Frameworks */,
			);
			runOnlyForDeploymentPostprocessing = 0;
		};
		54691FFB23E5C7B900650631 /* Frameworks */ = {
			isa = PBXFrameworksBuildPhase;
			buildActionMask = 2147483647;
			files = (
				5FD1710C6C5AC9A13D790F3A /* Pods_Currency_RateTests.framework in Frameworks */,
			);
			runOnlyForDeploymentPostprocessing = 0;
		};
		5469200623E5C7B900650631 /* Frameworks */ = {
			isa = PBXFrameworksBuildPhase;
			buildActionMask = 2147483647;
			files = (
				ACCDA23D68D05EA70FB6D6C2 /* Pods_Currency_Rate_Currency_RateUITests.framework in Frameworks */,
			);
			runOnlyForDeploymentPostprocessing = 0;
		};
/* End PBXFrameworksBuildPhase section */

/* Begin PBXGroup section */
		26ED8058041C1E53F690A201 /* Frameworks */ = {
			isa = PBXGroup;
			children = (
				4909BF1023E9A62E2B9DDA55 /* Pods_Currency_Rate.framework */,
				6947C8BD1E2DB9607C1B05C4 /* Pods_Currency_Rate_Currency_RateUITests.framework */,
				F9544DCFEA51C37974370E28 /* Pods_Currency_RateTests.framework */,
			);
			name = Frameworks;
			sourceTree = "<group>";
		};
		54691FDE23E5C7B700650631 = {
			isa = PBXGroup;
			children = (
				54691FE923E5C7B700650631 /* Currency Rate */,
				5469200123E5C7B900650631 /* Currency RateTests */,
				5469200C23E5C7B900650631 /* Currency RateUITests */,
				54691FE823E5C7B700650631 /* Products */,
				D9A346FDA4E9FFD26BFCC362 /* Pods */,
				26ED8058041C1E53F690A201 /* Frameworks */,
			);
			sourceTree = "<group>";
		};
		54691FE823E5C7B700650631 /* Products */ = {
			isa = PBXGroup;
			children = (
				54691FE723E5C7B700650631 /* Currency Rate.app */,
				54691FFE23E5C7B900650631 /* Currency RateTests.xctest */,
				5469200923E5C7B900650631 /* Currency RateUITests.xctest */,
			);
			name = Products;
			sourceTree = "<group>";
		};
		54691FE923E5C7B700650631 /* Currency Rate */ = {
			isa = PBXGroup;
			children = (
				54691FEA23E5C7B700650631 /* AppDelegate.swift */,
				54691FEC23E5C7B700650631 /* ViewController.swift */,
				54691FEE23E5C7B700650631 /* Main.storyboard */,
				54691FF423E5C7B900650631 /* Assets.xcassets */,
				54691FF623E5C7B900650631 /* LaunchScreen.storyboard */,
				54691FF923E5C7B900650631 /* Info.plist */,
				54691FF123E5C7B700650631 /* Currency_Rate.xcdatamodeld */,
			);
			path = "Currency Rate";
			sourceTree = "<group>";
		};
		5469200123E5C7B900650631 /* Currency RateTests */ = {
			isa = PBXGroup;
			children = (
				5469200223E5C7B900650631 /* Currency_RateTests.swift */,
				5469200423E5C7B900650631 /* Info.plist */,
			);
			path = "Currency RateTests";
			sourceTree = "<group>";
		};
		5469200C23E5C7B900650631 /* Currency RateUITests */ = {
			isa = PBXGroup;
			children = (
				5469200D23E5C7B900650631 /* Currency_RateUITests.swift */,
				5469200F23E5C7B900650631 /* Info.plist */,
			);
			path = "Currency RateUITests";
			sourceTree = "<group>";
		};
		D9A346FDA4E9FFD26BFCC362 /* Pods */ = {
			isa = PBXGroup;
			children = (
				88062645CA30229629C05862 /* Pods-Currency Rate.debug.xcconfig */,
				D7809A13914EBF81E3D86F4F /* Pods-Currency Rate.release.xcconfig */,
				32DA123A000C932F4943AF8A /* Pods-Currency Rate-Currency RateUITests.debug.xcconfig */,
				19F44D6997674E7421B46660 /* Pods-Currency Rate-Currency RateUITests.release.xcconfig */,
				1F74E8561A7AF09CA14AFC55 /* Pods-Currency RateTests.debug.xcconfig */,
				1DEC5BC129A07B1CD7D3FA8E /* Pods-Currency RateTests.release.xcconfig */,
			);
			name = Pods;
			path = Pods;
			sourceTree = "<group>";
		};
/* End PBXGroup section */

/* Begin PBXNativeTarget section */
		54691FE623E5C7B700650631 /* Currency Rate */ = {
			isa = PBXNativeTarget;
			buildConfigurationList = 5469201223E5C7B900650631 /* Build configuration list for PBXNativeTarget "Currency Rate" */;
			buildPhases = (
				087B709435DF8558B3DCFF25 /* [CP] Check Pods Manifest.lock */,
				54691FE323E5C7B700650631 /* Sources */,
				54691FE423E5C7B700650631 /* Frameworks */,
				54691FE523E5C7B700650631 /* Resources */,
				B6281AFBDA0DBA147CABBA71 /* [CP] Embed Pods Frameworks */,
			);
			buildRules = (
			);
			dependencies = (
			);
			name = "Currency Rate";
			productName = "Currency Rate";
			productReference = 54691FE723E5C7B700650631 /* Currency Rate.app */;
			productType = "com.apple.product-type.application";
		};
		54691FFD23E5C7B900650631 /* Currency RateTests */ = {
			isa = PBXNativeTarget;
			buildConfigurationList = 5469201523E5C7B900650631 /* Build configuration list for PBXNativeTarget "Currency RateTests" */;
			buildPhases = (
				9EDCAC6864C972AF9B5CE9E3 /* [CP] Check Pods Manifest.lock */,
				54691FFA23E5C7B900650631 /* Sources */,
				54691FFB23E5C7B900650631 /* Frameworks */,
				54691FFC23E5C7B900650631 /* Resources */,
			);
			buildRules = (
			);
			dependencies = (
				5469200023E5C7B900650631 /* PBXTargetDependency */,
			);
			name = "Currency RateTests";
			productName = "Currency RateTests";
			productReference = 54691FFE23E5C7B900650631 /* Currency RateTests.xctest */;
			productType = "com.apple.product-type.bundle.unit-test";
		};
		5469200823E5C7B900650631 /* Currency RateUITests */ = {
			isa = PBXNativeTarget;
			buildConfigurationList = 5469201823E5C7B900650631 /* Build configuration list for PBXNativeTarget "Currency RateUITests" */;
			buildPhases = (
				7A01D321F7E8FF379221A8E9 /* [CP] Check Pods Manifest.lock */,
				5469200523E5C7B900650631 /* Sources */,
				5469200623E5C7B900650631 /* Frameworks */,
				5469200723E5C7B900650631 /* Resources */,
				1CAE10CE7EF03D29C0638FFC /* [CP] Embed Pods Frameworks */,
			);
			buildRules = (
			);
			dependencies = (
				5469200B23E5C7B900650631 /* PBXTargetDependency */,
			);
			name = "Currency RateUITests";
			productName = "Currency RateUITests";
			productReference = 5469200923E5C7B900650631 /* Currency RateUITests.xctest */;
			productType = "com.apple.product-type.bundle.ui-testing";
		};
/* End PBXNativeTarget section */

/* Begin PBXProject section */
		54691FDF23E5C7B700650631 /* Project object */ = {
			isa = PBXProject;
			attributes = {
				LastSwiftUpdateCheck = 1020;
				LastUpgradeCheck = 1020;
				ORGANIZATIONNAME = "Hario Budiharjo";
				TargetAttributes = {
					54691FE623E5C7B700650631 = {
						CreatedOnToolsVersion = 10.2.1;
					};
					54691FFD23E5C7B900650631 = {
						CreatedOnToolsVersion = 10.2.1;
						TestTargetID = 54691FE623E5C7B700650631;
					};
					5469200823E5C7B900650631 = {
						CreatedOnToolsVersion = 10.2.1;
						TestTargetID = 54691FE623E5C7B700650631;
					};
				};
			};
			buildConfigurationList = 54691FE223E5C7B700650631 /* Build configuration list for PBXProject "Currency Rate" */;
			compatibilityVersion = "Xcode 9.3";
			developmentRegion = en;
			hasScannedForEncodings = 0;
			knownRegions = (
				en,
				Base,
			);
			mainGroup = 54691FDE23E5C7B700650631;
			productRefGroup = 54691FE823E5C7B700650631 /* Products */;
			projectDirPath = "";
			projectRoot = "";
			targets = (
				54691FE623E5C7B700650631 /* Currency Rate */,
				54691FFD23E5C7B900650631 /* Currency RateTests */,
				5469200823E5C7B900650631 /* Currency RateUITests */,
			);
		};
/* End PBXProject section */

/* Begin PBXResourcesBuildPhase section */
		54691FE523E5C7B700650631 /* Resources */ = {
			isa = PBXResourcesBuildPhase;
			buildActionMask = 2147483647;
			files = (
				54691FF823E5C7B900650631 /* LaunchScreen.storyboard in Resources */,
				54691FF523E5C7B900650631 /* Assets.xcassets in Resources */,
				54691FF023E5C7B700650631 /* Main.storyboard in Resources */,
			);
			runOnlyForDeploymentPostprocessing = 0;
		};
		54691FFC23E5C7B900650631 /* Resources */ = {
			isa = PBXResourcesBuildPhase;
			buildActionMask = 2147483647;
			files = (
			);
			runOnlyForDeploymentPostprocessing = 0;
		};
		5469200723E5C7B900650631 /* Resources */ = {
			isa = PBXResourcesBuildPhase;
			buildActionMask = 2147483647;
			files = (
			);
			runOnlyForDeploymentPostprocessing = 0;
		};
/* End PBXResourcesBuildPhase section */

/* Begin PBXShellScriptBuildPhase section */
		087B709435DF8558B3DCFF25 /* [CP] Check Pods Manifest.lock */ = {
			isa = PBXShellScriptBuildPhase;
			buildActionMask = 2147483647;
			files = (
			);
			inputFileListPaths = (
			);
			inputPaths = (
				"${PODS_PODFILE_DIR_PATH}/Podfile.lock",
				"${PODS_ROOT}/Manifest.lock",
			);
			name = "[CP] Check Pods Manifest.lock";
			outputFileListPaths = (
			);
			outputPaths = (
				"$(DERIVED_FILE_DIR)/Pods-Currency Rate-checkManifestLockResult.txt",
			);
			runOnlyForDeploymentPostprocessing = 0;
			shellPath = /bin/sh;
			shellScript = "diff \"${PODS_PODFILE_DIR_PATH}/Podfile.lock\" \"${PODS_ROOT}/Manifest.lock\" > /dev/null\nif [ $? != 0 ] ; then\n    # print error to STDERR\n    echo \"error: The sandbox is not in sync with the Podfile.lock. Run 'pod install' or update your CocoaPods installation.\" >&2\n    exit 1\nfi\n# This output is used by Xcode 'outputs' to avoid re-running this script phase.\necho \"SUCCESS\" > \"${SCRIPT_OUTPUT_FILE_0}\"\n";
			showEnvVarsInLog = 0;
		};
		1CAE10CE7EF03D29C0638FFC /* [CP] Embed Pods Frameworks */ = {
			isa = PBXShellScriptBuildPhase;
			buildActionMask = 2147483647;
			files = (
			);
			inputFileListPaths = (
				"${PODS_ROOT}/Target Support Files/Pods-Currency Rate-Currency RateUITests/Pods-Currency Rate-Currency RateUITests-frameworks-${CONFIGURATION}-input-files.xcfilelist",
			);
			name = "[CP] Embed Pods Frameworks";
			outputFileListPaths = (
				"${PODS_ROOT}/Target Support Files/Pods-Currency Rate-Currency RateUITests/Pods-Currency Rate-Currency RateUITests-frameworks-${CONFIGURATION}-output-files.xcfilelist",
			);
			runOnlyForDeploymentPostprocessing = 0;
			shellPath = /bin/sh;
			shellScript = "\"${PODS_ROOT}/Target Support Files/Pods-Currency Rate-Currency RateUITests/Pods-Currency Rate-Currency RateUITests-frameworks.sh\"\n";
			showEnvVarsInLog = 0;
		};
		7A01D321F7E8FF379221A8E9 /* [CP] Check Pods Manifest.lock */ = {
			isa = PBXShellScriptBuildPhase;
			buildActionMask = 2147483647;
			files = (
			);
			inputFileListPaths = (
			);
			inputPaths = (
				"${PODS_PODFILE_DIR_PATH}/Podfile.lock",
				"${PODS_ROOT}/Manifest.lock",
			);
			name = "[CP] Check Pods Manifest.lock";
			outputFileListPaths = (
			);
			outputPaths = (
				"$(DERIVED_FILE_DIR)/Pods-Currency Rate-Currency RateUITests-checkManifestLockResult.txt",
			);
			runOnlyForDeploymentPostprocessing = 0;
			shellPath = /bin/sh;
			shellScript = "diff \"${PODS_PODFILE_DIR_PATH}/Podfile.lock\" \"${PODS_ROOT}/Manifest.lock\" > /dev/null\nif [ $? != 0 ] ; then\n    # print error to STDERR\n    echo \"error: The sandbox is not in sync with the Podfile.lock. Run 'pod install' or update your CocoaPods installation.\" >&2\n    exit 1\nfi\n# This output is used by Xcode 'outputs' to avoid re-running this script phase.\necho \"SUCCESS\" > \"${SCRIPT_OUTPUT_FILE_0}\"\n";
			showEnvVarsInLog = 0;
		};
		9EDCAC6864C972AF9B5CE9E3 /* [CP] Check Pods Manifest.lock */ = {
			isa = PBXShellScriptBuildPhase;
			buildActionMask = 2147483647;
			files = (
			);
			inputFileListPaths = (
			);
			inputPaths = (
				"${PODS_PODFILE_DIR_PATH}/Podfile.lock",
				"${PODS_ROOT}/Manifest.lock",
			);
			name = "[CP] Check Pods Manifest.lock";
			outputFileListPaths = (
			);
			outputPaths = (
				"$(DERIVED_FILE_DIR)/Pods-Currency RateTests-checkManifestLockResult.txt",
			);
			runOnlyForDeploymentPostprocessing = 0;
			shellPath = /bin/sh;
			shellScript = "diff \"${PODS_PODFILE_DIR_PATH}/Podfile.lock\" \"${PODS_ROOT}/Manifest.lock\" > /dev/null\nif [ $? != 0 ] ; then\n    # print error to STDERR\n    echo \"error: The sandbox is not in sync with the Podfile.lock. Run 'pod install' or update your CocoaPods installation.\" >&2\n    exit 1\nfi\n# This output is used by Xcode 'outputs' to avoid re-running this script phase.\necho \"SUCCESS\" > \"${SCRIPT_OUTPUT_FILE_0}\"\n";
			showEnvVarsInLog = 0;
		};
		B6281AFBDA0DBA147CABBA71 /* [CP] Embed Pods Frameworks */ = {
			isa = PBXShellScriptBuildPhase;
			buildActionMask = 2147483647;
			files = (
			);
			inputFileListPaths = (
				"${PODS_ROOT}/Target Support Files/Pods-Currency Rate/Pods-Currency Rate-frameworks-${CONFIGURATION}-input-files.xcfilelist",
			);
			name = "[CP] Embed Pods Frameworks";
			outputFileListPaths = (
				"${PODS_ROOT}/Target Support Files/Pods-Currency Rate/Pods-Currency Rate-frameworks-${CONFIGURATION}-output-files.xcfilelist",
			);
			runOnlyForDeploymentPostprocessing = 0;
			shellPath = /bin/sh;
			shellScript = "\"${PODS_ROOT}/Target Support Files/Pods-Currency Rate/Pods-Currency Rate-frameworks.sh\"\n";
			showEnvVarsInLog = 0;
		};
/* End PBXShellScriptBuildPhase section */

/* Begin PBXSourcesBuildPhase section */
		54691FE323E5C7B700650631 /* Sources */ = {
			isa = PBXSourcesBuildPhase;
			buildActionMask = 2147483647;
			files = (
				54691FF323E5C7B700650631 /* Currency_Rate.xcdatamodeld in Sources */,
				54691FED23E5C7B700650631 /* ViewController.swift in Sources */,
				54691FEB23E5C7B700650631 /* AppDelegate.swift in Sources */,
			);
			runOnlyForDeploymentPostprocessing = 0;
		};
		54691FFA23E5C7B900650631 /* Sources */ = {
			isa = PBXSourcesBuildPhase;
			buildActionMask = 2147483647;
			files = (
				5469200323E5C7B900650631 /* Currency_RateTests.swift in Sources */,
			);
			runOnlyForDeploymentPostprocessing = 0;
		};
		5469200523E5C7B900650631 /* Sources */ = {
			isa = PBXSourcesBuildPhase;
			buildActionMask = 2147483647;
			files = (
				5469200E23E5C7B900650631 /* Currency_RateUITests.swift in Sources */,
			);
			runOnlyForDeploymentPostprocessing = 0;
		};
/* End PBXSourcesBuildPhase section */

/* Begin PBXTargetDependency section */
		5469200023E5C7B900650631 /* PBXTargetDependency */ = {
			isa = PBXTargetDependency;
			target = 54691FE623E5C7B700650631 /* Currency Rate */;
			targetProxy = 54691FFF23E5C7B900650631 /* PBXContainerItemProxy */;
		};
		5469200B23E5C7B900650631 /* PBXTargetDependency */ = {
			isa = PBXTargetDependency;
			target = 54691FE623E5C7B700650631 /* Currency Rate */;
			targetProxy = 5469200A23E5C7B900650631 /* PBXContainerItemProxy */;
		};
/* End PBXTargetDependency section */

/* Begin PBXVariantGroup section */
		54691FEE23E5C7B700650631 /* Main.storyboard */ = {
			isa = PBXVariantGroup;
			children = (
				54691FEF23E5C7B700650631 /* Base */,
			);
			name = Main.storyboard;
			sourceTree = "<group>";
		};
		54691FF623E5C7B900650631 /* LaunchScreen.storyboard */ = {
			isa = PBXVariantGroup;
			children = (
				54691FF723E5C7B900650631 /* Base */,
			);
			name = LaunchScreen.storyboard;
			sourceTree = "<group>";
		};
/* End PBXVariantGroup section */

/* Begin XCBuildConfiguration section */
		5469201023E5C7B900650631 /* Debug */ = {
			isa = XCBuildConfiguration;
			buildSettings = {
				ALWAYS_SEARCH_USER_PATHS = NO;
				CLANG_ANALYZER_NONNULL = YES;
				CLANG_ANALYZER_NUMBER_OBJECT_CONVERSION = YES_AGGRESSIVE;
				CLANG_CXX_LANGUAGE_STANDARD = "gnu++14";
				CLANG_CXX_LIBRARY = "libc++";
				CLANG_ENABLE_MODULES = YES;
				CLANG_ENABLE_OBJC_ARC = YES;
				CLANG_ENABLE_OBJC_WEAK = YES;
				CLANG_WARN_BLOCK_CAPTURE_AUTORELEASING = YES;
				CLANG_WARN_BOOL_CONVERSION = YES;
				CLANG_WARN_COMMA = YES;
				CLANG_WARN_CONSTANT_CONVERSION = YES;
				CLANG_WARN_DEPRECATED_OBJC_IMPLEMENTATIONS = YES;
				CLANG_WARN_DIRECT_OBJC_ISA_USAGE = YES_ERROR;
				CLANG_WARN_DOCUMENTATION_COMMENTS = YES;
				CLANG_WARN_EMPTY_BODY = YES;
				CLANG_WARN_ENUM_CONVERSION = YES;
				CLANG_WARN_INFINITE_RECURSION = YES;
				CLANG_WARN_INT_CONVERSION = YES;
				CLANG_WARN_NON_LITERAL_NULL_CONVERSION = YES;
				CLANG_WARN_OBJC_IMPLICIT_RETAIN_SELF = YES;
				CLANG_WARN_OBJC_LITERAL_CONVERSION = YES;
				CLANG_WARN_OBJC_ROOT_CLASS = YES_ERROR;
				CLANG_WARN_RANGE_LOOP_ANALYSIS = YES;
				CLANG_WARN_STRICT_PROTOTYPES = YES;
				CLANG_WARN_SUSPICIOUS_MOVE = YES;
				CLANG_WARN_UNGUARDED_AVAILABILITY = YES_AGGRESSIVE;
				CLANG_WARN_UNREACHABLE_CODE = YES;
				CLANG_WARN__DUPLICATE_METHOD_MATCH = YES;
				CODE_SIGN_IDENTITY = "iPhone Developer";
				COPY_PHASE_STRIP = NO;
				DEBUG_INFORMATION_FORMAT = dwarf;
				ENABLE_STRICT_OBJC_MSGSEND = YES;
				ENABLE_TESTABILITY = YES;
				GCC_C_LANGUAGE_STANDARD = gnu11;
				GCC_DYNAMIC_NO_PIC = NO;
				GCC_NO_COMMON_BLOCKS = YES;
				GCC_OPTIMIZATION_LEVEL = 0;
				GCC_PREPROCESSOR_DEFINITIONS = (
					"DEBUG=1",
					"$(inherited)",
				);
				GCC_WARN_64_TO_32_BIT_CONVERSION = YES;
				GCC_WARN_ABOUT_RETURN_TYPE = YES_ERROR;
				GCC_WARN_UNDECLARED_SELECTOR = YES;
				GCC_WARN_UNINITIALIZED_AUTOS = YES_AGGRESSIVE;
				GCC_WARN_UNUSED_FUNCTION = YES;
				GCC_WARN_UNUSED_VARIABLE = YES;
				IPHONEOS_DEPLOYMENT_TARGET = 12.2;
				MTL_ENABLE_DEBUG_INFO = INCLUDE_SOURCE;
				MTL_FAST_MATH = YES;
				ONLY_ACTIVE_ARCH = YES;
				SDKROOT = iphoneos;
				SWIFT_ACTIVE_COMPILATION_CONDITIONS = DEBUG;
				SWIFT_OPTIMIZATION_LEVEL = "-Onone";
			};
			name = Debug;
		};
		5469201123E5C7B900650631 /* Release */ = {
			isa = XCBuildConfiguration;
			buildSettings = {
				ALWAYS_SEARCH_USER_PATHS = NO;
				CLANG_ANALYZER_NONNULL = YES;
				CLANG_ANALYZER_NUMBER_OBJECT_CONVERSION = YES_AGGRESSIVE;
				CLANG_CXX_LANGUAGE_STANDARD = "gnu++14";
				CLANG_CXX_LIBRARY = "libc++";
				CLANG_ENABLE_MODULES = YES;
				CLANG_ENABLE_OBJC_ARC = YES;
				CLANG_ENABLE_OBJC_WEAK = YES;
				CLANG_WARN_BLOCK_CAPTURE_AUTORELEASING = YES;
				CLANG_WARN_BOOL_CONVERSION = YES;
				CLANG_WARN_COMMA = YES;
				CLANG_WARN_CONSTANT_CONVERSION = YES;
				CLANG_WARN_DEPRECATED_OBJC_IMPLEMENTATIONS = YES;
				CLANG_WARN_DIRECT_OBJC_ISA_USAGE = YES_ERROR;
				CLANG_WARN_DOCUMENTATION_COMMENTS = YES;
				CLANG_WARN_EMPTY_BODY = YES;
				CLANG_WARN_ENUM_CONVERSION = YES;
				CLANG_WARN_INFINITE_RECURSION = YES;
				CLANG_WARN_INT_CONVERSION = YES;
				CLANG_WARN_NON_LITERAL_NULL_CONVERSION = YES;
				CLANG_WARN_OBJC_IMPLICIT_RETAIN_SELF = YES;
				CLANG_WARN_OBJC_LITERAL_CONVERSION = YES;
				CLANG_WARN_OBJC_ROOT_CLASS = YES_ERROR;
				CLANG_WARN_RANGE_LOOP_ANALYSIS = YES;
				CLANG_WARN_STRICT_PROTOTYPES = YES;
				CLANG_WARN_SUSPICIOUS_MOVE = YES;
				CLANG_WARN_UNGUARDED_AVAILABILITY = YES_AGGRESSIVE;
				CLANG_WARN_UNREACHABLE_CODE = YES;
				CLANG_WARN__DUPLICATE_METHOD_MATCH = YES;
				CODE_SIGN_IDENTITY = "iPhone Developer";
				COPY_PHASE_STRIP = NO;
				DEBUG_INFORMATION_FORMAT = "dwarf-with-dsym";
				ENABLE_NS_ASSERTIONS = NO;
				ENABLE_STRICT_OBJC_MSGSEND = YES;
				GCC_C_LANGUAGE_STANDARD = gnu11;
				GCC_NO_COMMON_BLOCKS = YES;
				GCC_WARN_64_TO_32_BIT_CONVERSION = YES;
				GCC_WARN_ABOUT_RETURN_TYPE = YES_ERROR;
				GCC_WARN_UNDECLARED_SELECTOR = YES;
				GCC_WARN_UNINITIALIZED_AUTOS = YES_AGGRESSIVE;
				GCC_WARN_UNUSED_FUNCTION = YES;
				GCC_WARN_UNUSED_VARIABLE = YES;
				IPHONEOS_DEPLOYMENT_TARGET = 12.2;
				MTL_ENABLE_DEBUG_INFO = NO;
				MTL_FAST_MATH = YES;
				SDKROOT = iphoneos;
				SWIFT_COMPILATION_MODE = wholemodule;
				SWIFT_OPTIMIZATION_LEVEL = "-O";
				VALIDATE_PRODUCT = YES;
			};
			name = Release;
		};
		5469201323E5C7B900650631 /* Debug */ = {
			isa = XCBuildConfiguration;
			baseConfigurationReference = 88062645CA30229629C05862 /* Pods-Currency Rate.debug.xcconfig */;
			buildSettings = {
				ASSETCATALOG_COMPILER_APPICON_NAME = AppIcon;
				CODE_SIGN_STYLE = Automatic;
				DEVELOPMENT_TEAM = A3ZG558H3C;
				INFOPLIST_FILE = "Currency Rate/Info.plist";
				LD_RUNPATH_SEARCH_PATHS = (
					"$(inherited)",
					"@executable_path/Frameworks",
				);
				PRODUCT_BUNDLE_IDENTIFIER = "me.hario.Currency-Rate";
				PRODUCT_NAME = "$(TARGET_NAME)";
				SWIFT_VERSION = 5.0;
				TARGETED_DEVICE_FAMILY = "1,2";
			};
			name = Debug;
		};
		5469201423E5C7B900650631 /* Release */ = {
			isa = XCBuildConfiguration;
			baseConfigurationReference = D7809A13914EBF81E3D86F4F /* Pods-Currency Rate.release.xcconfig */;
			buildSettings = {
				ASSETCATALOG_COMPILER_APPICON_NAME = AppIcon;
				CODE_SIGN_STYLE = Automatic;
				DEVELOPMENT_TEAM = A3ZG558H3C;
				INFOPLIST_FILE = "Currency Rate/Info.plist";
				LD_RUNPATH_SEARCH_PATHS = (
					"$(inherited)",
					"@executable_path/Frameworks",
				);
				PRODUCT_BUNDLE_IDENTIFIER = "me.hario.Currency-Rate";
				PRODUCT_NAME = "$(TARGET_NAME)";
				SWIFT_VERSION = 5.0;
				TARGETED_DEVICE_FAMILY = "1,2";
			};
			name = Release;
		};
		5469201623E5C7B900650631 /* Debug */ = {
			isa = XCBuildConfiguration;
			baseConfigurationReference = 1F74E8561A7AF09CA14AFC55 /* Pods-Currency RateTests.debug.xcconfig */;
			buildSettings = {
				ALWAYS_EMBED_SWIFT_STANDARD_LIBRARIES = YES;
				BUNDLE_LOADER = "$(TEST_HOST)";
				CODE_SIGN_STYLE = Automatic;
				DEVELOPMENT_TEAM = A3ZG558H3C;
				INFOPLIST_FILE = "Currency RateTests/Info.plist";
				LD_RUNPATH_SEARCH_PATHS = (
					"$(inherited)",
					"@executable_path/Frameworks",
					"@loader_path/Frameworks",
				);
				PRODUCT_BUNDLE_IDENTIFIER = "me.hario.Currency-RateTests";
				PRODUCT_NAME = "$(TARGET_NAME)";
				SWIFT_VERSION = 5.0;
				TARGETED_DEVICE_FAMILY = "1,2";
				TEST_HOST = "$(BUILT_PRODUCTS_DIR)/Currency Rate.app/Currency Rate";
			};
			name = Debug;
		};
		5469201723E5C7B900650631 /* Release */ = {
			isa = XCBuildConfiguration;
			baseConfigurationReference = 1DEC5BC129A07B1CD7D3FA8E /* Pods-Currency RateTests.release.xcconfig */;
			buildSettings = {
				ALWAYS_EMBED_SWIFT_STANDARD_LIBRARIES = YES;
				BUNDLE_LOADER = "$(TEST_HOST)";
				CODE_SIGN_STYLE = Automatic;
				DEVELOPMENT_TEAM = A3ZG558H3C;
				INFOPLIST_FILE = "Currency RateTests/Info.plist";
				LD_RUNPATH_SEARCH_PATHS = (
					"$(inherited)",
					"@executable_path/Frameworks",
					"@loader_path/Frameworks",
				);
				PRODUCT_BUNDLE_IDENTIFIER = "me.hario.Currency-RateTests";
				PRODUCT_NAME = "$(TARGET_NAME)";
				SWIFT_VERSION = 5.0;
				TARGETED_DEVICE_FAMILY = "1,2";
				TEST_HOST = "$(BUILT_PRODUCTS_DIR)/Currency Rate.app/Currency Rate";
			};
			name = Release;
		};
		5469201923E5C7B900650631 /* Debug */ = {
			isa = XCBuildConfiguration;
			baseConfigurationReference = 32DA123A000C932F4943AF8A /* Pods-Currency Rate-Currency RateUITests.debug.xcconfig */;
			buildSettings = {
				ALWAYS_EMBED_SWIFT_STANDARD_LIBRARIES = YES;
				CODE_SIGN_STYLE = Automatic;
				DEVELOPMENT_TEAM = A3ZG558H3C;
				INFOPLIST_FILE = "Currency RateUITests/Info.plist";
				LD_RUNPATH_SEARCH_PATHS = (
					"$(inherited)",
					"@executable_path/Frameworks",
					"@loader_path/Frameworks",
				);
				PRODUCT_BUNDLE_IDENTIFIER = "me.hario.Currency-RateUITests";
				PRODUCT_NAME = "$(TARGET_NAME)";
				SWIFT_VERSION = 5.0;
				TARGETED_DEVICE_FAMILY = "1,2";
				TEST_TARGET_NAME = "Currency Rate";
			};
			name = Debug;
		};
		5469201A23E5C7B900650631 /* Release */ = {
			isa = XCBuildConfiguration;
			baseConfigurationReference = 19F44D6997674E7421B46660 /* Pods-Currency Rate-Currency RateUITests.release.xcconfig */;
			buildSettings = {
				ALWAYS_EMBED_SWIFT_STANDARD_LIBRARIES = YES;
				CODE_SIGN_STYLE = Automatic;
				DEVELOPMENT_TEAM = A3ZG558H3C;
				INFOPLIST_FILE = "Currency RateUITests/Info.plist";
				LD_RUNPATH_SEARCH_PATHS = (
					"$(inherited)",
					"@executable_path/Frameworks",
					"@loader_path/Frameworks",
				);
				PRODUCT_BUNDLE_IDENTIFIER = "me.hario.Currency-RateUITests";
				PRODUCT_NAME = "$(TARGET_NAME)";
				SWIFT_VERSION = 5.0;
				TARGETED_DEVICE_FAMILY = "1,2";
				TEST_TARGET_NAME = "Currency Rate";
			};
			name = Release;
		};
/* End XCBuildConfiguration section */

/* Begin XCConfigurationList section */
		54691FE223E5C7B700650631 /* Build configuration list for PBXProject "Currency Rate" */ = {
			isa = XCConfigurationList;
			buildConfigurations = (
				5469201023E5C7B900650631 /* Debug */,
				5469201123E5C7B900650631 /* Release */,
			);
			defaultConfigurationIsVisible = 0;
			defaultConfigurationName = Release;
		};
		5469201223E5C7B900650631 /* Build configuration list for PBXNativeTarget "Currency Rate" */ = {
			isa = XCConfigurationList;
			buildConfigurations = (
				5469201323E5C7B900650631 /* Debug */,
				5469201423E5C7B900650631 /* Release */,
			);
			defaultConfigurationIsVisible = 0;
			defaultConfigurationName = Release;
		};
		5469201523E5C7B900650631 /* Build configuration list for PBXNativeTarget "Currency RateTests" */ = {
			isa = XCConfigurationList;
			buildConfigurations = (
				5469201623E5C7B900650631 /* Debug */,
				5469201723E5C7B900650631 /* Release */,
			);
			defaultConfigurationIsVisible = 0;
			defaultConfigurationName = Release;
		};
		5469201823E5C7B900650631 /* Build configuration list for PBXNativeTarget "Currency RateUITests" */ = {
			isa = XCConfigurationList;
			buildConfigurations = (
				5469201923E5C7B900650631 /* Debug */,
				5469201A23E5C7B900650631 /* Release */,
			);
			defaultConfigurationIsVisible = 0;
			defaultConfigurationName = Release;
		};
/* End XCConfigurationList section */

/* Begin XCVersionGroup section */
		54691FF123E5C7B700650631 /* Currency_Rate.xcdatamodeld */ = {
			isa = XCVersionGroup;
			children = (
				54691FF223E5C7B700650631 /* Currency_Rate.xcdatamodel */,
			);
			currentVersion = 54691FF223E5C7B700650631 /* Currency_Rate.xcdatamodel */;
			path = Currency_Rate.xcdatamodeld;
			sourceTree = "<group>";
			versionGroupType = wrapper.xcdatamodel;
		};
/* End XCVersionGroup section */
	};
	rootObject = 54691FDF23E5C7B700650631 /* Project object */;
}
